// !$*UTF8*$!
{
	archiveVersion = 1;
	classes = {
	};
	objectVersion = 77;
	objects = {

/* Begin PBXContainerItemProxy section */
		C9BD2B302CC6F67F002F7C10 /* PBXContainerItemProxy */ = {
			isa = PBXContainerItemProxy;
			containerPortal = C9BD2B172CC6F67D002F7C10 /* Project object */;
			proxyType = 1;
			remoteGlobalIDString = C9BD2B1E2CC6F67D002F7C10;
			remoteInfo = Swift_Tutos;
		};
		C9BD2B3A2CC6F67F002F7C10 /* PBXContainerItemProxy */ = {
			isa = PBXContainerItemProxy;
			containerPortal = C9BD2B172CC6F67D002F7C10 /* Project object */;
			proxyType = 1;
			remoteGlobalIDString = C9BD2B1E2CC6F67D002F7C10;
			remoteInfo = Swift_Tutos;
		};
/* End PBXContainerItemProxy section */

/* Begin PBXFileReference section */
		C9BD2B1F2CC6F67D002F7C10 /* Swift_Tutos.app */ = {isa = PBXFileReference; explicitFileType = wrapper.application; includeInIndex = 0; path = Swift_Tutos.app; sourceTree = BUILT_PRODUCTS_DIR; };
		C9BD2B2F2CC6F67F002F7C10 /* Swift_TutosTests.xctest */ = {isa = PBXFileReference; explicitFileType = wrapper.cfbundle; includeInIndex = 0; path = Swift_TutosTests.xctest; sourceTree = BUILT_PRODUCTS_DIR; };
		C9BD2B392CC6F67F002F7C10 /* Swift_TutosUITests.xctest */ = {isa = PBXFileReference; explicitFileType = wrapper.cfbundle; includeInIndex = 0; path = Swift_TutosUITests.xctest; sourceTree = BUILT_PRODUCTS_DIR; };
/* End PBXFileReference section */

/* Begin PBXFileSystemSynchronizedRootGroup section */
		C9BD2B212CC6F67D002F7C10 /* Swift_Tutos */ = {
			isa = PBXFileSystemSynchronizedRootGroup;
			path = Swift_Tutos;
			sourceTree = "<group>";
		};
		C9BD2B322CC6F67F002F7C10 /* Swift_TutosTests */ = {
			isa = PBXFileSystemSynchronizedRootGroup;
			path = Swift_TutosTests;
			sourceTree = "<group>";
		};
		C9BD2B3C2CC6F67F002F7C10 /* Swift_TutosUITests */ = {
			isa = PBXFileSystemSynchronizedRootGroup;
			path = Swift_TutosUITests;
			sourceTree = "<group>";
		};
/* End PBXFileSystemSynchronizedRootGroup section */

/* Begin PBXFrameworksBuildPhase section */
		C9BD2B1C2CC6F67D002F7C10 /* Frameworks */ = {
			isa = PBXFrameworksBuildPhase;
			buildActionMask = 2147483647;
			files = (
			);
			runOnlyForDeploymentPostprocessing = 0;
		};
		C9BD2B2C2CC6F67F002F7C10 /* Frameworks */ = {
			isa = PBXFrameworksBuildPhase;
			buildActionMask = 2147483647;
			files = (
			);
			runOnlyForDeploymentPostprocessing = 0;
		};
		C9BD2B362CC6F67F002F7C10 /* Frameworks */ = {
			isa = PBXFrameworksBuildPhase;
			buildActionMask = 2147483647;
			files = (
			);
			runOnlyForDeploymentPostprocessing = 0;
		};
/* End PBXFrameworksBuildPhase section */

/* Begin PBXGroup section */
		C9BD2B162CC6F67D002F7C10 = {
			isa = PBXGroup;
			children = (
				C9BD2B212CC6F67D002F7C10 /* Swift_Tutos */,
				C9BD2B322CC6F67F002F7C10 /* Swift_TutosTests */,
				C9BD2B3C2CC6F67F002F7C10 /* Swift_TutosUITests */,
				C9BD2B202CC6F67D002F7C10 /* Products */,
			);
			sourceTree = "<group>";
		};
		C9BD2B202CC6F67D002F7C10 /* Products */ = {
			isa = PBXGroup;
			children = (
				C9BD2B1F2CC6F67D002F7C10 /* Swift_Tutos.app */,
				C9BD2B2F2CC6F67F002F7C10 /* Swift_TutosTests.xctest */,
				C9BD2B392CC6F67F002F7C10 /* Swift_TutosUITests.xctest */,
			);
			name = Products;
			sourceTree = "<group>";
		};
/* End PBXGroup section */

/* Begin PBXNativeTarget section */
		C9BD2B1E2CC6F67D002F7C10 /* Swift_Tutos */ = {
			isa = PBXNativeTarget;
			buildConfigurationList = C9BD2B432CC6F67F002F7C10 /* Build configuration list for PBXNativeTarget "Swift_Tutos" */;
			buildPhases = (
				C9BD2B1B2CC6F67D002F7C10 /* Sources */,
				C9BD2B1C2CC6F67D002F7C10 /* Frameworks */,
				C9BD2B1D2CC6F67D002F7C10 /* Resources */,
			);
			buildRules = (
			);
			dependencies = (
			);
			fileSystemSynchronizedGroups = (
				C9BD2B212CC6F67D002F7C10 /* Swift_Tutos */,
			);
			name = Swift_Tutos;
			packageProductDependencies = (
			);
			productName = Swift_Tutos;
			productReference = C9BD2B1F2CC6F67D002F7C10 /* Swift_Tutos.app */;
			productType = "com.apple.product-type.application";
		};
		C9BD2B2E2CC6F67F002F7C10 /* Swift_TutosTests */ = {
			isa = PBXNativeTarget;
			buildConfigurationList = C9BD2B462CC6F67F002F7C10 /* Build configuration list for PBXNativeTarget "Swift_TutosTests" */;
			buildPhases = (
				C9BD2B2B2CC6F67F002F7C10 /* Sources */,
				C9BD2B2C2CC6F67F002F7C10 /* Frameworks */,
				C9BD2B2D2CC6F67F002F7C10 /* Resources */,
			);
			buildRules = (
			);
			dependencies = (
				C9BD2B312CC6F67F002F7C10 /* PBXTargetDependency */,
			);
			fileSystemSynchronizedGroups = (
				C9BD2B322CC6F67F002F7C10 /* Swift_TutosTests */,
			);
			name = Swift_TutosTests;
			packageProductDependencies = (
			);
			productName = Swift_TutosTests;
			productReference = C9BD2B2F2CC6F67F002F7C10 /* Swift_TutosTests.xctest */;
			productType = "com.apple.product-type.bundle.unit-test";
		};
		C9BD2B382CC6F67F002F7C10 /* Swift_TutosUITests */ = {
			isa = PBXNativeTarget;
			buildConfigurationList = C9BD2B492CC6F67F002F7C10 /* Build configuration list for PBXNativeTarget "Swift_TutosUITests" */;
			buildPhases = (
				C9BD2B352CC6F67F002F7C10 /* Sources */,
				C9BD2B362CC6F67F002F7C10 /* Frameworks */,
				C9BD2B372CC6F67F002F7C10 /* Resources */,
			);
			buildRules = (
			);
			dependencies = (
				C9BD2B3B2CC6F67F002F7C10 /* PBXTargetDependency */,
			);
			fileSystemSynchronizedGroups = (
				C9BD2B3C2CC6F67F002F7C10 /* Swift_TutosUITests */,
			);
			name = Swift_TutosUITests;
			packageProductDependencies = (
			);
			productName = Swift_TutosUITests;
			productReference = C9BD2B392CC6F67F002F7C10 /* Swift_TutosUITests.xctest */;
			productType = "com.apple.product-type.bundle.ui-testing";
		};
/* End PBXNativeTarget section */

/* Begin PBXProject section */
		C9BD2B172CC6F67D002F7C10 /* Project object */ = {
			isa = PBXProject;
			attributes = {
				BuildIndependentTargetsInParallel = 1;
				LastSwiftUpdateCheck = 1600;
				LastUpgradeCheck = 1600;
				TargetAttributes = {
					C9BD2B1E2CC6F67D002F7C10 = {
						CreatedOnToolsVersion = 16.0;
					};
					C9BD2B2E2CC6F67F002F7C10 = {
						CreatedOnToolsVersion = 16.0;
						TestTargetID = C9BD2B1E2CC6F67D002F7C10;
					};
					C9BD2B382CC6F67F002F7C10 = {
						CreatedOnToolsVersion = 16.0;
						TestTargetID = C9BD2B1E2CC6F67D002F7C10;
					};
				};
			};
			buildConfigurationList = C9BD2B1A2CC6F67D002F7C10 /* Build configuration list for PBXProject "Swift_Tutos" */;
			developmentRegion = en;
			hasScannedForEncodings = 0;
			knownRegions = (
				en,
				Base,
			);
			mainGroup = C9BD2B162CC6F67D002F7C10;
			minimizedProjectReferenceProxies = 1;
			preferredProjectObjectVersion = 77;
			productRefGroup = C9BD2B202CC6F67D002F7C10 /* Products */;
			projectDirPath = "";
			projectRoot = "";
			targets = (
				C9BD2B1E2CC6F67D002F7C10 /* Swift_Tutos */,
				C9BD2B2E2CC6F67F002F7C10 /* Swift_TutosTests */,
				C9BD2B382CC6F67F002F7C10 /* Swift_TutosUITests */,
			);
		};
/* End PBXProject section */

/* Begin PBXResourcesBuildPhase section */
		C9BD2B1D2CC6F67D002F7C10 /* Resources */ = {
			isa = PBXResourcesBuildPhase;
			buildActionMask = 2147483647;
			files = (
			);
			runOnlyForDeploymentPostprocessing = 0;
		};
		C9BD2B2D2CC6F67F002F7C10 /* Resources */ = {
			isa = PBXResourcesBuildPhase;
			buildActionMask = 2147483647;
			files = (
			);
			runOnlyForDeploymentPostprocessing = 0;
		};
		C9BD2B372CC6F67F002F7C10 /* Resources */ = {
			isa = PBXResourcesBuildPhase;
			buildActionMask = 2147483647;
			files = (
			);
			runOnlyForDeploymentPostprocessing = 0;
		};
/* End PBXResourcesBuildPhase section */

/* Begin PBXSourcesBuildPhase section */
		C9BD2B1B2CC6F67D002F7C10 /* Sources */ = {
			isa = PBXSourcesBuildPhase;
			buildActionMask = 2147483647;
			files = (
			);
			runOnlyForDeploymentPostprocessing = 0;
		};
		C9BD2B2B2CC6F67F002F7C10 /* Sources */ = {
			isa = PBXSourcesBuildPhase;
			buildActionMask = 2147483647;
			files = (
			);
			runOnlyForDeploymentPostprocessing = 0;
		};
		C9BD2B352CC6F67F002F7C10 /* Sources */ = {
			isa = PBXSourcesBuildPhase;
			buildActionMask = 2147483647;
			files = (
			);
			runOnlyForDeploymentPostprocessing = 0;
		};
/* End PBXSourcesBuildPhase section */

/* Begin PBXTargetDependency section */
		C9BD2B312CC6F67F002F7C10 /* PBXTargetDependency */ = {
			isa = PBXTargetDependency;
			target = C9BD2B1E2CC6F67D002F7C10 /* Swift_Tutos */;
			targetProxy = C9BD2B302CC6F67F002F7C10 /* PBXContainerItemProxy */;
		};
		C9BD2B3B2CC6F67F002F7C10 /* PBXTargetDependency */ = {
			isa = PBXTargetDependency;
			target = C9BD2B1E2CC6F67D002F7C10 /* Swift_Tutos */;
			targetProxy = C9BD2B3A2CC6F67F002F7C10 /* PBXContainerItemProxy */;
		};
/* End PBXTargetDependency section */

/* Begin XCBuildConfiguration section */
		C9BD2B412CC6F67F002F7C10 /* Debug */ = {
			isa = XCBuildConfiguration;
			buildSettings = {
				ALWAYS_SEARCH_USER_PATHS = NO;
				ASSETCATALOG_COMPILER_GENERATE_SWIFT_ASSET_SYMBOL_EXTENSIONS = YES;
				CLANG_ANALYZER_NONNULL = YES;
				CLANG_ANALYZER_NUMBER_OBJECT_CONVERSION = YES_AGGRESSIVE;
				CLANG_CXX_LANGUAGE_STANDARD = "gnu++20";
				CLANG_ENABLE_MODULES = YES;
				CLANG_ENABLE_OBJC_ARC = YES;
				CLANG_ENABLE_OBJC_WEAK = YES;
				CLANG_WARN_BLOCK_CAPTURE_AUTORELEASING = YES;
				CLANG_WARN_BOOL_CONVERSION = YES;
				CLANG_WARN_COMMA = YES;
				CLANG_WARN_CONSTANT_CONVERSION = YES;
				CLANG_WARN_DEPRECATED_OBJC_IMPLEMENTATIONS = YES;
				CLANG_WARN_DIRECT_OBJC_ISA_USAGE = YES_ERROR;
				CLANG_WARN_DOCUMENTATION_COMMENTS = YES;
				CLANG_WARN_EMPTY_BODY = YES;
				CLANG_WARN_ENUM_CONVERSION = YES;
				CLANG_WARN_INFINITE_RECURSION = YES;
				CLANG_WARN_INT_CONVERSION = YES;
				CLANG_WARN_NON_LITERAL_NULL_CONVERSION = YES;
				CLANG_WARN_OBJC_IMPLICIT_RETAIN_SELF = YES;
				CLANG_WARN_OBJC_LITERAL_CONVERSION = YES;
				CLANG_WARN_OBJC_ROOT_CLASS = YES_ERROR;
				CLANG_WARN_QUOTED_INCLUDE_IN_FRAMEWORK_HEADER = YES;
				CLANG_WARN_RANGE_LOOP_ANALYSIS = YES;
				CLANG_WARN_STRICT_PROTOTYPES = YES;
				CLANG_WARN_SUSPICIOUS_MOVE = YES;
				CLANG_WARN_UNGUARDED_AVAILABILITY = YES_AGGRESSIVE;
				CLANG_WARN_UNREACHABLE_CODE = YES;
				CLANG_WARN__DUPLICATE_METHOD_MATCH = YES;
				COPY_PHASE_STRIP = NO;
				DEBUG_INFORMATION_FORMAT = dwarf;
				ENABLE_STRICT_OBJC_MSGSEND = YES;
				ENABLE_TESTABILITY = YES;
				ENABLE_USER_SCRIPT_SANDBOXING = YES;
				GCC_C_LANGUAGE_STANDARD = gnu17;
				GCC_DYNAMIC_NO_PIC = NO;
				GCC_NO_COMMON_BLOCKS = YES;
				GCC_OPTIMIZATION_LEVEL = 0;
				GCC_PREPROCESSOR_DEFINITIONS = (
					"DEBUG=1",
					"$(inherited)",
				);
				GCC_WARN_64_TO_32_BIT_CONVERSION = YES;
				GCC_WARN_ABOUT_RETURN_TYPE = YES_ERROR;
				GCC_WARN_UNDECLARED_SELECTOR = YES;
				GCC_WARN_UNINITIALIZED_AUTOS = YES_AGGRESSIVE;
				GCC_WARN_UNUSED_FUNCTION = YES;
				GCC_WARN_UNUSED_VARIABLE = YES;
				IPHONEOS_DEPLOYMENT_TARGET = 18.0;
				LOCALIZATION_PREFERS_STRING_CATALOGS = YES;
				MTL_ENABLE_DEBUG_INFO = INCLUDE_SOURCE;
				MTL_FAST_MATH = YES;
				ONLY_ACTIVE_ARCH = YES;
				SDKROOT = iphoneos;
				SWIFT_ACTIVE_COMPILATION_CONDITIONS = "DEBUG $(inherited)";
				SWIFT_OPTIMIZATION_LEVEL = "-Onone";
			};
			name = Debug;
		};
		C9BD2B422CC6F67F002F7C10 /* Release */ = {
			isa = XCBuildConfiguration;
			buildSettings = {
				ALWAYS_SEARCH_USER_PATHS = NO;
				ASSETCATALOG_COMPILER_GENERATE_SWIFT_ASSET_SYMBOL_EXTENSIONS = YES;
				CLANG_ANALYZER_NONNULL = YES;
				CLANG_ANALYZER_NUMBER_OBJECT_CONVERSION = YES_AGGRESSIVE;
				CLANG_CXX_LANGUAGE_STANDARD = "gnu++20";
				CLANG_ENABLE_MODULES = YES;
				CLANG_ENABLE_OBJC_ARC = YES;
				CLANG_ENABLE_OBJC_WEAK = YES;
				CLANG_WARN_BLOCK_CAPTURE_AUTORELEASING = YES;
				CLANG_WARN_BOOL_CONVERSION = YES;
				CLANG_WARN_COMMA = YES;
				CLANG_WARN_CONSTANT_CONVERSION = YES;
				CLANG_WARN_DEPRECATED_OBJC_IMPLEMENTATIONS = YES;
				CLANG_WARN_DIRECT_OBJC_ISA_USAGE = YES_ERROR;
				CLANG_WARN_DOCUMENTATION_COMMENTS = YES;
				CLANG_WARN_EMPTY_BODY = YES;
				CLANG_WARN_ENUM_CONVERSION = YES;
				CLANG_WARN_INFINITE_RECURSION = YES;
				CLANG_WARN_INT_CONVERSION = YES;
				CLANG_WARN_NON_LITERAL_NULL_CONVERSION = YES;
				CLANG_WARN_OBJC_IMPLICIT_RETAIN_SELF = YES;
				CLANG_WARN_OBJC_LITERAL_CONVERSION = YES;
				CLANG_WARN_OBJC_ROOT_CLASS = YES_ERROR;
				CLANG_WARN_QUOTED_INCLUDE_IN_FRAMEWORK_HEADER = YES;
				CLANG_WARN_RANGE_LOOP_ANALYSIS = YES;
				CLANG_WARN_STRICT_PROTOTYPES = YES;
				CLANG_WARN_SUSPICIOUS_MOVE = YES;
				CLANG_WARN_UNGUARDED_AVAILABILITY = YES_AGGRESSIVE;
				CLANG_WARN_UNREACHABLE_CODE = YES;
				CLANG_WARN__DUPLICATE_METHOD_MATCH = YES;
				COPY_PHASE_STRIP = NO;
				DEBUG_INFORMATION_FORMAT = "dwarf-with-dsym";
				ENABLE_NS_ASSERTIONS = NO;
				ENABLE_STRICT_OBJC_MSGSEND = YES;
				ENABLE_USER_SCRIPT_SANDBOXING = YES;
				GCC_C_LANGUAGE_STANDARD = gnu17;
				GCC_NO_COMMON_BLOCKS = YES;
				GCC_WARN_64_TO_32_BIT_CONVERSION = YES;
				GCC_WARN_ABOUT_RETURN_TYPE = YES_ERROR;
				GCC_WARN_UNDECLARED_SELECTOR = YES;
				GCC_WARN_UNINITIALIZED_AUTOS = YES_AGGRESSIVE;
				GCC_WARN_UNUSED_FUNCTION = YES;
				GCC_WARN_UNUSED_VARIABLE = YES;
				IPHONEOS_DEPLOYMENT_TARGET = 18.0;
				LOCALIZATION_PREFERS_STRING_CATALOGS = YES;
				MTL_ENABLE_DEBUG_INFO = NO;
				MTL_FAST_MATH = YES;
				SDKROOT = iphoneos;
				SWIFT_COMPILATION_MODE = wholemodule;
				VALIDATE_PRODUCT = YES;
			};
			name = Release;
		};
		C9BD2B442CC6F67F002F7C10 /* Debug */ = {
			isa = XCBuildConfiguration;
			buildSettings = {
				ASSETCATALOG_COMPILER_APPICON_NAME = AppIcon;
				ASSETCATALOG_COMPILER_GLOBAL_ACCENT_COLOR_NAME = AccentColor;
				CODE_SIGN_STYLE = Automatic;
				CURRENT_PROJECT_VERSION = 1;
				DEVELOPMENT_ASSET_PATHS = "\"Swift_Tutos/Preview Content\"";
				DEVELOPMENT_TEAM = 3BWC32238C;
				ENABLE_PREVIEWS = YES;
				GENERATE_INFOPLIST_FILE = YES;
				INFOPLIST_KEY_UIApplicationSceneManifest_Generation = YES;
				INFOPLIST_KEY_UIApplicationSupportsIndirectInputEvents = YES;
				INFOPLIST_KEY_UILaunchScreen_Generation = YES;
				INFOPLIST_KEY_UISupportedInterfaceOrientations_iPad = "UIInterfaceOrientationPortrait UIInterfaceOrientationPortraitUpsideDown UIInterfaceOrientationLandscapeLeft UIInterfaceOrientationLandscapeRight";
				INFOPLIST_KEY_UISupportedInterfaceOrientations_iPhone = "UIInterfaceOrientationPortrait UIInterfaceOrientationLandscapeLeft UIInterfaceOrientationLandscapeRight";
				LD_RUNPATH_SEARCH_PATHS = (
					"$(inherited)",
					"@executable_path/Frameworks",
				);
				MARKETING_VERSION = 1.0;
				PRODUCT_BUNDLE_IDENTIFIER = "MotivatedMusicians.Swift-Tutos";
				PRODUCT_NAME = "$(TARGET_NAME)";
				SWIFT_EMIT_LOC_STRINGS = YES;
				SWIFT_VERSION = 5.0;
				TARGETED_DEVICE_FAMILY = "1,2";
			};
			name = Debug;
		};
		C9BD2B452CC6F67F002F7C10 /* Release */ = {
			isa = XCBuildConfiguration;
			buildSettings = {
				ASSETCATALOG_COMPILER_APPICON_NAME = AppIcon;
				ASSETCATALOG_COMPILER_GLOBAL_ACCENT_COLOR_NAME = AccentColor;
				CODE_SIGN_STYLE = Automatic;
				CURRENT_PROJECT_VERSION = 1;
				DEVELOPMENT_ASSET_PATHS = "\"Swift_Tutos/Preview Content\"";
				DEVELOPMENT_TEAM = 3BWC32238C;
				ENABLE_PREVIEWS = YES;
				GENERATE_INFOPLIST_FILE = YES;
				INFOPLIST_KEY_UIApplicationSceneManifest_Generation = YES;
				INFOPLIST_KEY_UIApplicationSupportsIndirectInputEvents = YES;
				INFOPLIST_KEY_UILaunchScreen_Generation = YES;
				INFOPLIST_KEY_UISupportedInterfaceOrientations_iPad = "UIInterfaceOrientationPortrait UIInterfaceOrientationPortraitUpsideDown UIInterfaceOrientationLandscapeLeft UIInterfaceOrientationLandscapeRight";
				INFOPLIST_KEY_UISupportedInterfaceOrientations_iPhone = "UIInterfaceOrientationPortrait UIInterfaceOrientationLandscapeLeft UIInterfaceOrientationLandscapeRight";
				LD_RUNPATH_SEARCH_PATHS = (
					"$(inherited)",
					"@executable_path/Frameworks",
				);
				MARKETING_VERSION = 1.0;
				PRODUCT_BUNDLE_IDENTIFIER = "MotivatedMusicians.Swift-Tutos";
				PRODUCT_NAME = "$(TARGET_NAME)";
				SWIFT_EMIT_LOC_STRINGS = YES;
				SWIFT_VERSION = 5.0;
				TARGETED_DEVICE_FAMILY = "1,2";
			};
			name = Release;
		};
		C9BD2B472CC6F67F002F7C10 /* Debug */ = {
			isa = XCBuildConfiguration;
			buildSettings = {
				BUNDLE_LOADER = "$(TEST_HOST)";
				CODE_SIGN_STYLE = Automatic;
				CURRENT_PROJECT_VERSION = 1;
				DEVELOPMENT_TEAM = 3BWC32238C;
				GENERATE_INFOPLIST_FILE = YES;
				IPHONEOS_DEPLOYMENT_TARGET = 18.0;
				MARKETING_VERSION = 1.0;
				PRODUCT_BUNDLE_IDENTIFIER = "MotivatedMusicians.Swift-TutosTests";
				PRODUCT_NAME = "$(TARGET_NAME)";
				SWIFT_EMIT_LOC_STRINGS = NO;
				SWIFT_VERSION = 5.0;
				TARGETED_DEVICE_FAMILY = "1,2";
				TEST_HOST = "$(BUILT_PRODUCTS_DIR)/Swift_Tutos.app/$(BUNDLE_EXECUTABLE_FOLDER_PATH)/Swift_Tutos";
			};
			name = Debug;
		};
		C9BD2B482CC6F67F002F7C10 /* Release */ = {
			isa = XCBuildConfiguration;
			buildSettings = {
				BUNDLE_LOADER = "$(TEST_HOST)";
				CODE_SIGN_STYLE = Automatic;
				CURRENT_PROJECT_VERSION = 1;
				DEVELOPMENT_TEAM = 3BWC32238C;
				GENERATE_INFOPLIST_FILE = YES;
				IPHONEOS_DEPLOYMENT_TARGET = 18.0;
				MARKETING_VERSION = 1.0;
				PRODUCT_BUNDLE_IDENTIFIER = "MotivatedMusicians.Swift-TutosTests";
				PRODUCT_NAME = "$(TARGET_NAME)";
				SWIFT_EMIT_LOC_STRINGS = NO;
				SWIFT_VERSION = 5.0;
				TARGETED_DEVICE_FAMILY = "1,2";
				TEST_HOST = "$(BUILT_PRODUCTS_DIR)/Swift_Tutos.app/$(BUNDLE_EXECUTABLE_FOLDER_PATH)/Swift_Tutos";
			};
			name = Release;
		};
		C9BD2B4A2CC6F67F002F7C10 /* Debug */ = {
			isa = XCBuildConfiguration;
			buildSettings = {
				CODE_SIGN_STYLE = Automatic;
				CURRENT_PROJECT_VERSION = 1;
				DEVELOPMENT_TEAM = 3BWC32238C;
				GENERATE_INFOPLIST_FILE = YES;
				MARKETING_VERSION = 1.0;
				PRODUCT_BUNDLE_IDENTIFIER = "MotivatedMusicians.Swift-TutosUITests";
				PRODUCT_NAME = "$(TARGET_NAME)";
				SWIFT_EMIT_LOC_STRINGS = NO;
				SWIFT_VERSION = 5.0;
				TARGETED_DEVICE_FAMILY = "1,2";
				TEST_TARGET_NAME = Swift_Tutos;
			};
			name = Debug;
		};
		C9BD2B4B2CC6F67F002F7C10 /* Release */ = {
			isa = XCBuildConfiguration;
			buildSettings = {
				CODE_SIGN_STYLE = Automatic;
				CURRENT_PROJECT_VERSION = 1;
				DEVELOPMENT_TEAM = 3BWC32238C;
				GENERATE_INFOPLIST_FILE = YES;
				MARKETING_VERSION = 1.0;
				PRODUCT_BUNDLE_IDENTIFIER = "MotivatedMusicians.Swift-TutosUITests";
				PRODUCT_NAME = "$(TARGET_NAME)";
				SWIFT_EMIT_LOC_STRINGS = NO;
				SWIFT_VERSION = 5.0;
				TARGETED_DEVICE_FAMILY = "1,2";
				TEST_TARGET_NAME = Swift_Tutos;
			};
			name = Release;
		};
/* End XCBuildConfiguration section */

/* Begin XCConfigurationList section */
		C9BD2B1A2CC6F67D002F7C10 /* Build configuration list for PBXProject "Swift_Tutos" */ = {
			isa = XCConfigurationList;
			buildConfigurations = (
				C9BD2B412CC6F67F002F7C10 /* Debug */,
				C9BD2B422CC6F67F002F7C10 /* Release */,
			);
			defaultConfigurationIsVisible = 0;
			defaultConfigurationName = Release;
		};
		C9BD2B432CC6F67F002F7C10 /* Build configuration list for PBXNativeTarget "Swift_Tutos" */ = {
			isa = XCConfigurationList;
			buildConfigurations = (
				C9BD2B442CC6F67F002F7C10 /* Debug */,
				C9BD2B452CC6F67F002F7C10 /* Release */,
			);
			defaultConfigurationIsVisible = 0;
			defaultConfigurationName = Release;
		};
		C9BD2B462CC6F67F002F7C10 /* Build configuration list for PBXNativeTarget "Swift_TutosTests" */ = {
			isa = XCConfigurationList;
			buildConfigurations = (
				C9BD2B472CC6F67F002F7C10 /* Debug */,
				C9BD2B482CC6F67F002F7C10 /* Release */,
			);
			defaultConfigurationIsVisible = 0;
			defaultConfigurationName = Release;
		};
		C9BD2B492CC6F67F002F7C10 /* Build configuration list for PBXNativeTarget "Swift_TutosUITests" */ = {
			isa = XCConfigurationList;
			buildConfigurations = (
				C9BD2B4A2CC6F67F002F7C10 /* Debug */,
				C9BD2B4B2CC6F67F002F7C10 /* Release */,
			);
			defaultConfigurationIsVisible = 0;
			defaultConfigurationName = Release;
		};
/* End XCConfigurationList section */
	};
	rootObject = C9BD2B172CC6F67D002F7C10 /* Project object */;
}
